
Microsoft Visual Studio Solution File, Format Version 12.00
# Visual Studio Version 16
VisualStudioVersion = 16.0.33027.164
MinimumVisualStudioVersion = 10.0.40219.1
Project("{FAE04EC0-301F-11D3-BF4B-00C04F79EFBC}") = "DemoProject", "DemoProject\DemoProject.csproj", "{3014BE51-EBD9-4BF0-8972-BCE79F2C9E20}"
EndProject
Global
	GlobalSection(SolutionConfigurationPlatforms) = preSolution
		Debug|Any CPU = Debug|Any CPU
		Release|Any CPU = Release|Any CPU
	EndGlobalSection
	GlobalSection(ProjectConfigurationPlatforms) = postSolution
		{3014BE51-EBD9-4BF0-8972-BCE79F2C9E20}.Debug|Any CPU.ActiveCfg = Debug|Any CPU
		{3014BE51-EBD9-4BF0-8972-BCE79F2C9E20}.Debug|Any CPU.Build.0 = Debug|Any CPU
		{3014BE51-EBD9-4BF0-8972-BCE79F2C9E20}.Release|Any CPU.ActiveCfg = Release|Any CPU
		{3014BE51-EBD9-4BF0-8972-BCE79F2C9E20}.Release|Any CPU.Build.0 = Release|Any CPU
	EndGlobalSection
	GlobalSection(SolutionProperties) = preSolution
		HideSolutionNode = FALSE
	EndGlobalSection
	GlobalSection(ExtensibilityGlobals) = postSolution
		SolutionGuid = {FB0DCA11-3557-4F97-8324-9D1828889623}
	EndGlobalSection
EndGlobal
